{
  "warning": "THIS IS AN AUTOGENERATED FILE. DO NOT EDIT THIS FILE DIRECTLY.",
  "format": "sphinx-lock-1.0.0",
  "orgId": "my-org-id",
  "projects": {
    "nana-core-testnet": {
      "projectId": "clyuhlt6s000067s77xlaa66h",
      "projectName": "nana-core-testnet",
      "defaultSafe": {
        "safeName": "nana-core-testnet",
        "owners": [
          "0xba5ed94ab173e1242638F28d1449b24F1A883292"
        ],
        "threshold": "1",
        "saltNonce": "11"
      }
    },
    "nana-721-hook-testnet": {
      "projectId": "clyuiqlso000267s7guwwfblj",
      "projectName": "nana-721-hook-testnet",
      "defaultSafe": {
        "safeName": "nana-721-hook-testnet",
        "owners": [
          "0xba5ed94ab173e1242638F28d1449b24F1A883292"
        ],
        "threshold": "1",
        "saltNonce": "12"
      }
    },
    "nana-suckers-testnet": {
      "projectId": "clyuk3pec000467s7dubk8i0f",
      "projectName": "nana-suckers-testnet",
      "defaultSafe": {
        "safeName": "nana-suckers-testnet",
        "owners": [
          "0xba5ed94ab173e1242638F28d1449b24F1A883292"
        ],
        "threshold": "1",
        "saltNonce": "13"
      }
    },
    "nana-swap-terminal-testnet": {
      "projectId": "clyukf73i000667s7gc4x8w0r",
      "projectName": "nana-swap-terminal-testnet",
      "defaultSafe": {
        "safeName": "nana-swap-terminal-testnet",
        "owners": [
          "0xba5ed94ab173e1242638F28d1449b24F1A883292"
        ],
        "threshold": "1",
        "saltNonce": "14"
      }
    },
    "nana-buyback-hook-testnet": {
      "projectId": "clyukjt62000867s7flxyfagf",
      "projectName": "nana-buyback-hook-testnet",
      "defaultSafe": {
        "safeName": "nana-buyback-hook-testnet",
        "owners": [
          "0xba5ed94ab173e1242638F28d1449b24F1A883292"
        ],
        "threshold": "1",
        "saltNonce": "15"
      }
    },
    "croptop-core-testnet": {
      "projectId": "clyuky6v0000a67s7aowica7c",
      "projectName": "croptop-core-testnet",
      "defaultSafe": {
        "safeName": "croptop-core-testnet",
        "owners": [
          "0xba5ed94ab173e1242638F28d1449b24F1A883292"
        ],
        "threshold": "1",
        "saltNonce": "16"
      }
    },
    "revnet-core-testnet": {
      "projectId": "clyumk10p000c67s7afwg4uaj",
      "projectName": "revnet-core-testnet",
      "defaultSafe": {
        "safeName": "revnet-core-testnet",
        "owners": [
          "0xba5ed94ab173e1242638F28d1449b24F1A883292"
        ],
        "threshold": "1",
        "saltNonce": "17"
      }
    },
    "nana-fee-project": {
      "projectId": "clyupado1000e67s7ayg92n30",
      "projectName": "nana-fee-project",
      "defaultSafe": {
        "safeName": "nana-fee-project",
        "owners": [
          "0xba5ed94ab173e1242638F28d1449b24F1A883292"
        ],
        "threshold": "1",
        "saltNonce": "18"
      }
    },
    "bannyverse-core-testnet": {
      "projectId": "clyuqpudp000g67s78c926yd8",
      "projectName": "bannyverse-core-testnet",
      "defaultSafe": {
        "safeName": "bannyverse-core-testnet",
        "owners": [
          "0xba5ed94ab173e1242638F28d1449b24F1A883292"
        ],
        "threshold": "1",
        "saltNonce": "19"
      }
    },
    "fee-project": {
      "projectId": "clyw0pt4n0007zss7cc4sh552",
      "projectName": "fee-project",
      "defaultSafe": {
        "safeName": "fee-project",
        "owners": [
          "0xba5ed94ab173e1242638F28d1449b24F1A883292"
        ],
        "threshold": "1",
        "saltNonce": "20"
      }
    },
    "nana-address-registry-testnet": {
      "projectId": "cm146ovnl0001bss7dlmucv4z",
      "projectName": "nana-address-registry-testnet",
      "defaultSafe": {
        "safeName": "nana-address-registry-testnet",
        "owners": [
          "0xba5ed94ab173e1242638F28d1449b24F1A883292"
        ],
        "threshold": "1",
        "saltNonce": "21"
      }
    }
  }
}