{
  "warning": "THIS IS AN AUTOGENERATED FILE. DO NOT EDIT THIS FILE DIRECTLY.",
  "format": "sphinx-lock-1.0.0",
  "orgId": "cltepuu9u0003j58rjtbd0hvu",
  "projects": {
    "nana-core": {
      "projectId": "cltexoiyd000210jy2dvlnw8u",
      "projectName": "nana-core",
      "defaultSafe": {
        "safeName": "nana-core",
        "owners": [
          "0x26416423d530b1931A2a7a6b7D435Fac65eED27d"
        ],
        "threshold": "1",
        "saltNonce": "0"
      }
    },
    "nana-721-hook": {
      "projectId": "cltnks5yq0002rh5dtacgqdrf",
      "projectName": "nana-721-hook",
      "defaultSafe": {
        "safeName": "nana-721-hook",
        "owners": [
          "0x26416423d530b1931A2a7a6b7D435Fac65eED27d"
        ],
        "threshold": "1",
        "saltNonce": "3"
      }
    },
    "nana-suckers": {
      "projectId": "cltnl62660002ftj9o6zp6jqc",
      "projectName": "nana-suckers",
      "defaultSafe": {
        "safeName": "nana-suckers",
        "owners": [
          "0x26416423d530b1931A2a7a6b7D435Fac65eED27d"
        ],
        "threshold": "1",
        "saltNonce": "2"
      }
    },
    "croptop-core": {
      "projectId": "cltoutm3y0002vt2jrl7mjy1v",
      "projectName": "croptop-core",
      "defaultSafe": {
        "safeName": "croptop-core",
        "owners": [
          "0x26416423d530b1931A2a7a6b7D435Fac65eED27d"
        ],
        "threshold": "1",
        "saltNonce": "4"
      }
    },
    "revnet-core": {
      "projectId": "cltow4v3o0002ijpouxrnjb9a",
      "projectName": "revnet-core",
      "defaultSafe": {
        "safeName": "revnet-core",
        "owners": [
          "0x26416423d530b1931A2a7a6b7D435Fac65eED27d"
        ],
        "threshold": "1",
        "saltNonce": "5"
      }
    },
    "bannyverse-core": {
      "projectId": "cltq3gw8e000213e7xb1tvmp3",
      "projectName": "bannyverse-core",
      "defaultSafe": {
        "safeName": "bannyverse-core",
        "owners": [
          "0x26416423d530b1931A2a7a6b7D435Fac65eED27d"
        ],
        "threshold": "1",
        "saltNonce": "6"
      }
    },
    "nana-buyback-hook": {
      "projectId": "cltrp2uit0002mzvv2yypiluf",
      "projectName": "nana-buyback-hook",
      "defaultSafe": {
        "safeName": "nana-buyback-hook",
        "owners": [
          "0x26416423d530b1931A2a7a6b7D435Fac65eED27d"
        ],
        "threshold": "1",
        "saltNonce": "7"
      }
    },
    "nana-swap-terminal": {
      "projectId": "cltvxqo0700025ahxz515nn5f",
      "projectName": "nana-swap-terminal",
      "defaultSafe": {
        "safeName": "nana-swap-terminal",
        "owners": [
          "0x26416423d530b1931A2a7a6b7D435Fac65eED27d"
        ],
        "threshold": "1",
        "saltNonce": "8"
      }
    },
    "nana-fee-project": {
      "projectId": "cltyoxabi00022yhhi361lau6",
      "projectName": "nana-fee-project",
      "defaultSafe": {
        "safeName": "nana-fee-project",
        "owners": [
          "0x26416423d530b1931A2a7a6b7D435Fac65eED27d"
        ],
        "threshold": "1",
        "saltNonce": "10"
      }
    }
  }
}