{
  "warning": "THIS IS AN AUTOGENERATED FILE. DO NOT EDIT THIS FILE DIRECTLY.",
  "format": "sphinx-lock-1.0.0",
  "orgId": "ea165b21-7cdc-4d7b-be59-ecdd4c26bee4",
  "projects": {
    "nana-address-registry-testnet": {
      "projectId": "30294927-9380-442f-9e6f-9caf60fa509b",
      "projectName": "nana-address-registry-testnet",
      "defaultSafe": {
        "safeName": "core-test-safe",
        "owners": [
          "0x8063549C1b5163931283e76785cF11e56DFdDC3a",
          "0x7f75Ee000C7178D68Be4cb50243fC438F967e263",
          "0x52b76eA545f4779620A666493e885CE20Fda9037",
          "0xba5ed94ab173e1242638F28d1449b24F1A883292"
        ],
        "threshold": "1",
        "saltNonce": "1"
      }
    },
    "nana-core-testnet": {
      "projectId": "e45ec646-f618-41fa-adb4-d4f5e5c17bf4",
      "projectName": "nana-core-testnet",
      "defaultSafe": {
        "safeName": "core-test-safe",
        "owners": [
          "0x8063549C1b5163931283e76785cF11e56DFdDC3a",
          "0x7f75Ee000C7178D68Be4cb50243fC438F967e263",
          "0x52b76eA545f4779620A666493e885CE20Fda9037",
          "0xba5ed94ab173e1242638F28d1449b24F1A883292"
        ],
        "threshold": "1",
        "saltNonce": "1"
      }
    }
  }
}